
Microsoft Visual Studio Solution File, Format Version 12.00
# Visual Studio Version 17
VisualStudioVersion = 17.5.33424.131
MinimumVisualStudioVersion = 10.0.40219.1
Project("{FAE04EC0-301F-11D3-BF4B-00C04F79EFBC}") = "src", "src.csproj", "{FFB09B4E-BCC6-4925-A1E8-67133BBDBCD0}"
EndProject
Global
	GlobalSection(SolutionConfigurationPlatforms) = preSolution
		Debug|Any CPU = Debug|Any CPU
		Release|Any CPU = Release|Any CPU
	EndGlobalSection
	GlobalSection(ProjectConfigurationPlatforms) = postSolution
		{FFB09B4E-BCC6-4925-A1E8-67133BBDBCD0}.Debug|Any CPU.ActiveCfg = Debug|Any CPU
		{FFB09B4E-BCC6-4925-A1E8-67133BBDBCD0}.Debug|Any CPU.Build.0 = Debug|Any CPU
		{FFB09B4E-BCC6-4925-A1E8-67133BBDBCD0}.Release|Any CPU.ActiveCfg = Release|Any CPU
		{FFB09B4E-BCC6-4925-A1E8-67133BBDBCD0}.Release|Any CPU.Build.0 = Release|Any CPU
	EndGlobalSection
	GlobalSection(SolutionProperties) = preSolution
		HideSolutionNode = FALSE
	EndGlobalSection
	GlobalSection(ExtensibilityGlobals) = postSolution
		SolutionGuid = {E6C722F1-B69F-41D7-8F46-DB338A883401}
	EndGlobalSection
EndGlobal
